# THIS IS AN AUTOGENERATED FILE. DO NOT EDIT THIS FILE DIRECTLY.
# yarn lockfile v1


"@babel/parser@^7.16.4":
  version "7.20.3"
  resolved "https://registry.yarnpkg.com/@babel/parser/-/parser-7.20.3.tgz#5358cf62e380cf69efcb87a7bb922ff88bfac6e2"
  integrity sha512-OP/s5a94frIPXwjzEcv5S/tpQfc6XhxYUnmWpgdqMWGgYCuErA3SzozaRAMQgSZWKeTJxht9aWAkUY+0UzvOFg==

"@esbuild/android-arm@0.15.15":
  version "0.15.15"
  resolved "https://registry.yarnpkg.com/@esbuild/android-arm/-/android-arm-0.15.15.tgz#35b3cc0f9e69cb53932d44f60b99dd440335d2f0"
  integrity sha512-JJjZjJi2eBL01QJuWjfCdZxcIgot+VoK6Fq7eKF9w4YHm9hwl7nhBR1o2Wnt/WcANk5l9SkpvrldW1PLuXxcbw==

"@esbuild/linux-loong64@0.15.15":
  version "0.15.15"
  resolved "https://registry.yarnpkg.com/@esbuild/linux-loong64/-/linux-loong64-0.15.15.tgz#32c65517a09320b62530867345222fde7794fbe1"
  integrity sha512-lhz6UNPMDXUhtXSulw8XlFAtSYO26WmHQnCi2Lg2p+/TMiJKNLtZCYUxV4wG6rZMzXmr8InGpNwk+DLT2Hm0PA==

"@lezer/common@^0.15.0", "@lezer/common@^0.15.7":
  version "0.15.12"
  resolved "https://registry.yarnpkg.com/@lezer/common/-/common-0.15.12.tgz#2f21aec551dd5fd7d24eb069f90f54d5bc6ee5e9"
  integrity sha512-edfwCxNLnzq5pBA/yaIhwJ3U3Kz8VAUOTRg0hhxaizaI1N+qxV7EXDv/kLCkLeq2RzSFvxexlaj5Mzfn2kY0Ig==

"@lezer/lr@^0.15.4":
  version "0.15.8"
  resolved "https://registry.yarnpkg.com/@lezer/lr/-/lr-0.15.8.tgz#1564a911e62b0a0f75ca63794a6aa8c5dc63db21"
  integrity sha512-bM6oE6VQZ6hIFxDNKk8bKPa14hqFrV07J/vHGOeiAbJReIaQXmkVb6xQu4MR+JBTLa5arGRyAAjJe1qaQt3Uvg==
  dependencies:
    "@lezer/common" "^0.15.0"

"@lmdb/lmdb-darwin-arm64@2.5.2":
  version "2.5.2"
  resolved "https://registry.yarnpkg.com/@lmdb/lmdb-darwin-arm64/-/lmdb-darwin-arm64-2.5.2.tgz#bc66fa43286b5c082e8fee0eacc17995806b6fbe"
  integrity sha512-+F8ioQIUN68B4UFiIBYu0QQvgb9FmlKw2ctQMSBfW2QBrZIxz9vD9jCGqTCPqZBRbPHAS/vG1zSXnKqnS2ch/A==

"@lmdb/lmdb-darwin-x64@2.5.2":
  version "2.5.2"
  resolved "https://registry.yarnpkg.com/@lmdb/lmdb-darwin-x64/-/lmdb-darwin-x64-2.5.2.tgz#89d8390041bce6bab24a82a20392be22faf54ffc"
  integrity sha512-KvPH56KRLLx4KSfKBx0m1r7GGGUMXm0jrKmNE7plbHlesZMuPJICtn07HYgQhj1LNsK7Yqwuvnqh1QxhJnF1EA==

"@lmdb/lmdb-linux-arm64@2.5.2":
  version "2.5.2"
  resolved "https://registry.yarnpkg.com/@lmdb/lmdb-linux-arm64/-/lmdb-linux-arm64-2.5.2.tgz#14fe4c96c2bb1285f93797f45915fa35ee047268"
  integrity sha512-aLl89VHL/wjhievEOlPocoefUyWdvzVrcQ/MHQYZm2JfV1jUsrbr/ZfkPPUFvZBf+VSE+Q0clWs9l29PCX1hTQ==

"@lmdb/lmdb-linux-arm@2.5.2":
  version "2.5.2"
  resolved "https://registry.yarnpkg.com/@lmdb/lmdb-linux-arm/-/lmdb-linux-arm-2.5.2.tgz#05bde4573ab10cf21827339fe687148f2590cfa1"
  integrity sha512-5kQAP21hAkfW5Bl+e0P57dV4dGYnkNIpR7f/GAh6QHlgXx+vp/teVj4PGRZaKAvt0GX6++N6hF8NnGElLDuIDw==

"@lmdb/lmdb-linux-x64@2.5.2":
  version "2.5.2"
  resolved "https://registry.yarnpkg.com/@lmdb/lmdb-linux-x64/-/lmdb-linux-x64-2.5.2.tgz#d2f85afd857d2c33d2caa5b057944574edafcfee"
  integrity sha512-xUdUfwDJLGjOUPH3BuPBt0NlIrR7f/QHKgu3GZIXswMMIihAekj2i97oI0iWG5Bok/b+OBjHPfa8IU9velnP/Q==

"@lmdb/lmdb-win32-x64@2.5.2":
  version "2.5.2"
  resolved "https://registry.yarnpkg.com/@lmdb/lmdb-win32-x64/-/lmdb-win32-x64-2.5.2.tgz#28f643fbc0bec30b07fbe95b137879b6b4d1c9c5"
  integrity sha512-zrBczSbXKxEyK2ijtbRdICDygRqWSRPpZMN5dD1T8VMEW5RIhIbwFWw2phDRXuBQdVDpSjalCIUMWMV2h3JaZA==

"@mischnic/json-sourcemap@^0.1.0":
  version "0.1.0"
  resolved "https://registry.yarnpkg.com/@mischnic/json-sourcemap/-/json-sourcemap-0.1.0.tgz#38af657be4108140a548638267d02a2ea3336507"
  integrity sha512-dQb3QnfNqmQNYA4nFSN/uLaByIic58gOXq4Y4XqLOWmOrw73KmJPt/HLyG0wvn1bnR6mBKs/Uwvkh+Hns1T0XA==
  dependencies:
    "@lezer/common" "^0.15.7"
    "@lezer/lr" "^0.15.4"
    json5 "^2.2.1"

"@msgpackr-extract/msgpackr-extract-darwin-arm64@2.2.0":
  version "2.2.0"
  resolved "https://registry.yarnpkg.com/@msgpackr-extract/msgpackr-extract-darwin-arm64/-/msgpackr-extract-darwin-arm64-2.2.0.tgz#901c5937e1441572ea23e631fe6deca68482fe76"
  integrity sha512-Z9LFPzfoJi4mflGWV+rv7o7ZbMU5oAU9VmzCgL240KnqDW65Y2HFCT3MW06/ITJSnbVLacmcEJA8phywK7JinQ==

"@msgpackr-extract/msgpackr-extract-darwin-x64@2.2.0":
  version "2.2.0"
  resolved "https://registry.yarnpkg.com/@msgpackr-extract/msgpackr-extract-darwin-x64/-/msgpackr-extract-darwin-x64-2.2.0.tgz#fb877fe6bae3c4d3cea29786737840e2ae689066"
  integrity sha512-vq0tT8sjZsy4JdSqmadWVw6f66UXqUCabLmUVHZwUFzMgtgoIIQjT4VVRHKvlof3P/dMCkbMJ5hB1oJ9OWHaaw==

"@msgpackr-extract/msgpackr-extract-linux-arm64@2.2.0":
  version "2.2.0"
  resolved "https://registry.yarnpkg.com/@msgpackr-extract/msgpackr-extract-linux-arm64/-/msgpackr-extract-linux-arm64-2.2.0.tgz#986179c38b10ac41fbdaf7d036c825cbc72855d9"
  integrity sha512-hlxxLdRmPyq16QCutUtP8Tm6RDWcyaLsRssaHROatgnkOxdleMTgetf9JsdncL8vLh7FVy/RN9i3XR5dnb9cRA==

"@msgpackr-extract/msgpackr-extract-linux-arm@2.2.0":
  version "2.2.0"
  resolved "https://registry.yarnpkg.com/@msgpackr-extract/msgpackr-extract-linux-arm/-/msgpackr-extract-linux-arm-2.2.0.tgz#15f2c6fe9e0adc06c21af7e95f484ff4880d79ce"
  integrity sha512-SaJ3Qq4lX9Syd2xEo9u3qPxi/OB+5JO/ngJKK97XDpa1C587H9EWYO6KD8995DAjSinWvdHKRrCOXVUC5fvGOg==

"@msgpackr-extract/msgpackr-extract-linux-x64@2.2.0":
  version "2.2.0"
  resolved "https://registry.yarnpkg.com/@msgpackr-extract/msgpackr-extract-linux-x64/-/msgpackr-extract-linux-x64-2.2.0.tgz#30cae5c9a202f3e1fa1deb3191b18ffcb2f239a2"
  integrity sha512-94y5PJrSOqUNcFKmOl7z319FelCLAE0rz/jPCWS+UtdMZvpa4jrQd+cJPQCLp2Fes1yAW/YUQj/Di6YVT3c3Iw==

"@msgpackr-extract/msgpackr-extract-win32-x64@2.2.0":
  version "2.2.0"
  resolved "https://registry.yarnpkg.com/@msgpackr-extract/msgpackr-extract-win32-x64/-/msgpackr-extract-win32-x64-2.2.0.tgz#016d855b6bc459fd908095811f6826e45dd4ba64"
  integrity sha512-XrC0JzsqQSvOyM3t04FMLO6z5gCuhPE6k4FXuLK5xf52ZbdvcFe1yBmo7meCew9B8G2f0T9iu9t3kfTYRYROgA==

"@parcel/cache@2.8.0":
  version "2.8.0"
  resolved "https://registry.yarnpkg.com/@parcel/cache/-/cache-2.8.0.tgz#8e4763aaba8914b04db273bcd889a6ba3daf0ee5"
  integrity sha512-k945hrafMDR2wyCKyZYgwypeLLuZWce6FzhgunI4taBUeVnNCcpFAWzbfOVQ39SqZTGDqG3MNT+VuehssHXxyg==
  dependencies:
    "@parcel/fs" "2.8.0"
    "@parcel/logger" "2.8.0"
    "@parcel/utils" "2.8.0"
    lmdb "2.5.2"

"@parcel/codeframe@2.8.0":
  version "2.8.0"
  resolved "https://registry.yarnpkg.com/@parcel/codeframe/-/codeframe-2.8.0.tgz#b7c9297d14e9ee6bd96b8725126be59cf77fd6e5"
  integrity sha512-821d+KVcpEvJNMj9WMC39xXZK6zvRS/HUjQag2f3DkcRcZwk1uXJZdW6p1EB7C3e4e/0KSK3NTSVGEvbOSR+9w==
  dependencies:
    chalk "^4.1.0"

"@parcel/diagnostic@2.8.0":
  version "2.8.0"
  resolved "https://registry.yarnpkg.com/@parcel/diagnostic/-/diagnostic-2.8.0.tgz#716b4230ca16e0cfa9e46235b95fbf5623d824be"
  integrity sha512-ERnk0zDvm0jQUSj1M+2PLiwVC6nWrtuFEuye6VGuxRDcp9NHbz6gwApeEYxFkPsb3TQPhNjnXXm5nmAw1bpWWw==
  dependencies:
    "@mischnic/json-sourcemap" "^0.1.0"
    nullthrows "^1.1.1"

"@parcel/events@2.8.0":
  version "2.8.0"
  resolved "https://registry.yarnpkg.com/@parcel/events/-/events-2.8.0.tgz#c3130456432786bd4b71a98c5908a44f1935f6eb"
  integrity sha512-xqSZYY3oONM4IZm9+vhyFqX+KFIl145veIczUikwGJlcJZQfAAw736syPx6ecpB+m1EVg3AlvJWy7Lmel4Ak+Q==

"@parcel/fs-search@2.8.0":
  version "2.8.0"
  resolved "https://registry.yarnpkg.com/@parcel/fs-search/-/fs-search-2.8.0.tgz#e9669681b618511df928215b60bf9c39ba206bc3"
  integrity sha512-yo7/Y8DCFlhOlIBb5SsRDTkM+7g0DY9sK57iw3hn2z1tGoIiIRptrieImFYSizs7HfDwDY/PMLfORmUdoReDzQ==
  dependencies:
    detect-libc "^1.0.3"

"@parcel/fs@2.8.0":
  version "2.8.0"
  resolved "https://registry.yarnpkg.com/@parcel/fs/-/fs-2.8.0.tgz#70915a9b81174b9ee7c793e1f0850b97ff060e4a"
  integrity sha512-v3DbJlpl8v2/VRlZPw7cy+0myi0YfLblGZcwDvqIsWS35qyxD2rmtYV8u1BusonbgmJeaKiopSECmJkumt0jCw==
  dependencies:
    "@parcel/fs-search" "2.8.0"
    "@parcel/types" "2.8.0"
    "@parcel/utils" "2.8.0"
    "@parcel/watcher" "^2.0.7"
    "@parcel/workers" "2.8.0"

"@parcel/hash@2.8.0":
  version "2.8.0"
  resolved "https://registry.yarnpkg.com/@parcel/hash/-/hash-2.8.0.tgz#cc8408f9b2b80bac414c0ef27bdf549f3de1c64d"
  integrity sha512-KV1+96t7Nukth5K7ldUXjVr8ZTH9Dohl49K0Tc+5Qkysif0OxwcDtpVDmcnrUnWmqdBX0AdoLY0Q2Nnly89n/w==
  dependencies:
    detect-libc "^1.0.3"
    xxhash-wasm "^0.4.2"

"@parcel/logger@2.8.0":
  version "2.8.0"
  resolved "https://registry.yarnpkg.com/@parcel/logger/-/logger-2.8.0.tgz#f7fab99e61f12530561e0cf3d900fea1ebf0b386"
  integrity sha512-W+7rKsLxLUX6xRmP8PhGWcG48PqrzTPeMWpgSds5nXxAHEFh4cYbkwPKGoTU65a9xUDVyqNreHNIKyizgwAZHQ==
  dependencies:
    "@parcel/diagnostic" "2.8.0"
    "@parcel/events" "2.8.0"

"@parcel/markdown-ansi@2.8.0":
  version "2.8.0"
  resolved "https://registry.yarnpkg.com/@parcel/markdown-ansi/-/markdown-ansi-2.8.0.tgz#3116f2bd1b28faee7f178a455060f4ab617492df"
  integrity sha512-xItzXmc3btFhJXsIbE946iaqE6STd2xe5H0zSIaZVXEeucCtMzcd4hxRELquxPstlrAOrrp/lrRpbAlMhso9iA==
  dependencies:
    chalk "^4.1.0"

"@parcel/package-manager@2.8.0":
  version "2.8.0"
  resolved "https://registry.yarnpkg.com/@parcel/package-manager/-/package-manager-2.8.0.tgz#9486cb66e263e156bdbc064fea65756019203be3"
  integrity sha512-n4FgerAX1lTKKTgxmiocnos47Y+b0L60iwU6Q4cC2n4KQNRuNyfhxFXwWcqHstR9wa72JgPaDgo4k0l3Bk8FZw==
  dependencies:
    "@parcel/diagnostic" "2.8.0"
    "@parcel/fs" "2.8.0"
    "@parcel/logger" "2.8.0"
    "@parcel/types" "2.8.0"
    "@parcel/utils" "2.8.0"
    "@parcel/workers" "2.8.0"
    semver "^5.7.1"

"@parcel/plugin@2.8.0":
  version "2.8.0"
  resolved "https://registry.yarnpkg.com/@parcel/plugin/-/plugin-2.8.0.tgz#eb6acbb17110ecba4d3c283fc073ffa9531ac0b6"
  integrity sha512-Tsf+7nDg7KauvTVY6rGc7CmgJruKSwJ54KJ9s5nYFFP9nfwmyqbayCi9xOxicWU9zIHfuF5Etwf17lcA0oAvzw==
  dependencies:
    "@parcel/types" "2.8.0"

"@parcel/source-map@^2.1.1":
  version "2.1.1"
  resolved "https://registry.yarnpkg.com/@parcel/source-map/-/source-map-2.1.1.tgz#fb193b82dba6dd62cc7a76b326f57bb35000a782"
  integrity sha512-Ejx1P/mj+kMjQb8/y5XxDUn4reGdr+WyKYloBljpppUy8gs42T+BNoEOuRYqDVdgPc6NxduzIDoJS9pOFfV5Ew==
  dependencies:
    detect-libc "^1.0.3"

"@parcel/transformer-vue@2.8.0":
  version "2.8.0"
  resolved "https://registry.yarnpkg.com/@parcel/transformer-vue/-/transformer-vue-2.8.0.tgz#91e695cf012168e27c888468b79fdf3659389551"
  integrity sha512-s+RHs2mqMkrs1oTmBmvIy8Lhdr+JORyxhV6gosrJ6KN7jnsQG+lvJ/xQjSowU/rUfw85s5jeOtJFWoY8tGXuUQ==
  dependencies:
    "@parcel/diagnostic" "2.8.0"
    "@parcel/plugin" "2.8.0"
    "@parcel/source-map" "^2.1.1"
    "@parcel/utils" "2.8.0"
    "@vue/compiler-sfc" "^3.2.27"
    consolidate "^0.16.0"
    nullthrows "^1.1.1"
    semver "^5.7.1"

"@parcel/types@2.8.0":
  version "2.8.0"
  resolved "https://registry.yarnpkg.com/@parcel/types/-/types-2.8.0.tgz#2e654d3381aad23ae5ec5f262287fd69f1744100"
  integrity sha512-DeN3vCnVl9onjtyWxpbP7LwRslVEko4kBaM7yILsuQjEnXmaIOsqIf6FQJOUOPBtQTFFNeQQ2qyf5XoO/rkJ8g==
  dependencies:
    "@parcel/cache" "2.8.0"
    "@parcel/diagnostic" "2.8.0"
    "@parcel/fs" "2.8.0"
    "@parcel/package-manager" "2.8.0"
    "@parcel/source-map" "^2.1.1"
    "@parcel/workers" "2.8.0"
    utility-types "^3.10.0"

"@parcel/utils@2.8.0":
  version "2.8.0"
  resolved "https://registry.yarnpkg.com/@parcel/utils/-/utils-2.8.0.tgz#0524609dd19ac70c9f28fb4e273c266d9ecb5541"
  integrity sha512-r4ACsGtW7zkMUIgwQyOVtPAFiy8L81gbz4tMIRSqyQKnkW7oEHcQ3uN1/LPxj2yfkyQLmhJxmtptLUy9j53rcw==
  dependencies:
    "@parcel/codeframe" "2.8.0"
    "@parcel/diagnostic" "2.8.0"
    "@parcel/hash" "2.8.0"
    "@parcel/logger" "2.8.0"
    "@parcel/markdown-ansi" "2.8.0"
    "@parcel/source-map" "^2.1.1"
    chalk "^4.1.0"

"@parcel/watcher@^2.0.7":
  version "2.0.7"
  resolved "https://registry.yarnpkg.com/@parcel/watcher/-/watcher-2.0.7.tgz#c95fe1370e8c6237cb9729c9c075264acc7e21a5"
  integrity sha512-gc3hoS6e+2XdIQ4HHljDB1l0Yx2EWh/sBBtCEFNKGSMlwASWeAQsOY/fPbxOBcZ/pg0jBh4Ga+4xHlZc4faAEQ==
  dependencies:
    node-addon-api "^3.2.1"
    node-gyp-build "^4.3.0"

"@parcel/workers@2.8.0":
  version "2.8.0"
  resolved "https://registry.yarnpkg.com/@parcel/workers/-/workers-2.8.0.tgz#75f72a6717e3d479ff9293c6c41c78b2147f7352"
  integrity sha512-vAzoC/wPHLQnyy9P/TrSPftY8F3MhZqPTFi681mxVtLWA3t7wiNlw1zDVKRDP8m5XS1yQOr8Q56CAHyRexhc8g==
  dependencies:
    "@parcel/diagnostic" "2.8.0"
    "@parcel/logger" "2.8.0"
    "@parcel/types" "2.8.0"
    "@parcel/utils" "2.8.0"
    chrome-trace-event "^1.0.2"
    nullthrows "^1.1.1"

"@vitejs/plugin-vue@^3.2.0":
  version "3.2.0"
  resolved "https://registry.yarnpkg.com/@vitejs/plugin-vue/-/plugin-vue-3.2.0.tgz#a1484089dd85d6528f435743f84cdd0d215bbb54"
  integrity sha512-E0tnaL4fr+qkdCNxJ+Xd0yM31UwMkQje76fsDVBBUCoGOUPexu2VDUYHL8P4CwV+zMvWw6nlRw19OnRKmYAJpw==

"@vue/compiler-core@3.2.45":
  version "3.2.45"
  resolved "https://registry.yarnpkg.com/@vue/compiler-core/-/compiler-core-3.2.45.tgz#d9311207d96f6ebd5f4660be129fb99f01ddb41b"
  integrity sha512-rcMj7H+PYe5wBV3iYeUgbCglC+pbpN8hBLTJvRiK2eKQiWqu+fG9F+8sW99JdL4LQi7Re178UOxn09puSXvn4A==
  dependencies:
    "@babel/parser" "^7.16.4"
    "@vue/shared" "3.2.45"
    estree-walker "^2.0.2"
    source-map "^0.6.1"

"@vue/compiler-dom@3.2.45":
  version "3.2.45"
  resolved "https://registry.yarnpkg.com/@vue/compiler-dom/-/compiler-dom-3.2.45.tgz#c43cc15e50da62ecc16a42f2622d25dc5fd97dce"
  integrity sha512-tyYeUEuKqqZO137WrZkpwfPCdiiIeXYCcJ8L4gWz9vqaxzIQRccTSwSWZ/Axx5YR2z+LvpUbmPNXxuBU45lyRw==
  dependencies:
    "@vue/compiler-core" "3.2.45"
    "@vue/shared" "3.2.45"

"@vue/compiler-sfc@3.2.45", "@vue/compiler-sfc@^3.2.27":
  version "3.2.45"
  resolved "https://registry.yarnpkg.com/@vue/compiler-sfc/-/compiler-sfc-3.2.45.tgz#7f7989cc04ec9e7c55acd406827a2c4e96872c70"
  integrity sha512-1jXDuWah1ggsnSAOGsec8cFjT/K6TMZ0sPL3o3d84Ft2AYZi2jWJgRMjw4iaK0rBfA89L5gw427H4n1RZQBu6Q==
  dependencies:
    "@babel/parser" "^7.16.4"
    "@vue/compiler-core" "3.2.45"
    "@vue/compiler-dom" "3.2.45"
    "@vue/compiler-ssr" "3.2.45"
    "@vue/reactivity-transform" "3.2.45"
    "@vue/shared" "3.2.45"
    estree-walker "^2.0.2"
    magic-string "^0.25.7"
    postcss "^8.1.10"
    source-map "^0.6.1"

"@vue/compiler-ssr@3.2.45":
  version "3.2.45"
  resolved "https://registry.yarnpkg.com/@vue/compiler-ssr/-/compiler-ssr-3.2.45.tgz#bd20604b6e64ea15344d5b6278c4141191c983b2"
  integrity sha512-6BRaggEGqhWht3lt24CrIbQSRD5O07MTmd+LjAn5fJj568+R9eUD2F7wMQJjX859seSlrYog7sUtrZSd7feqrQ==
  dependencies:
    "@vue/compiler-dom" "3.2.45"
    "@vue/shared" "3.2.45"

"@vue/devtools-api@^6.0.0-beta.11", "@vue/devtools-api@^6.4.5":
  version "6.4.5"
  resolved "https://registry.yarnpkg.com/@vue/devtools-api/-/devtools-api-6.4.5.tgz#d54e844c1adbb1e677c81c665ecef1a2b4bb8380"
  integrity sha512-JD5fcdIuFxU4fQyXUu3w2KpAJHzTVdN+p4iOX2lMWSHMOoQdMAcpFLZzm9Z/2nmsoZ1a96QEhZ26e50xLBsgOQ==

"@vue/reactivity-transform@3.2.45":
  version "3.2.45"
  resolved "https://registry.yarnpkg.com/@vue/reactivity-transform/-/reactivity-transform-3.2.45.tgz#07ac83b8138550c83dfb50db43cde1e0e5e8124d"
  integrity sha512-BHVmzYAvM7vcU5WmuYqXpwaBHjsS8T63jlKGWVtHxAHIoMIlmaMyurUSEs1Zcg46M4AYT5MtB1U274/2aNzjJQ==
  dependencies:
    "@babel/parser" "^7.16.4"
    "@vue/compiler-core" "3.2.45"
    "@vue/shared" "3.2.45"
    estree-walker "^2.0.2"
    magic-string "^0.25.7"

"@vue/reactivity@3.2.45":
  version "3.2.45"
  resolved "https://registry.yarnpkg.com/@vue/reactivity/-/reactivity-3.2.45.tgz#412a45b574de601be5a4a5d9a8cbd4dee4662ff0"
  integrity sha512-PRvhCcQcyEVohW0P8iQ7HDcIOXRjZfAsOds3N99X/Dzewy8TVhTCT4uXpAHfoKjVTJRA0O0K+6QNkDIZAxNi3A==
  dependencies:
    "@vue/shared" "3.2.45"

"@vue/runtime-core@3.2.45":
  version "3.2.45"
  resolved "https://registry.yarnpkg.com/@vue/runtime-core/-/runtime-core-3.2.45.tgz#7ad7ef9b2519d41062a30c6fa001ec43ac549c7f"
  integrity sha512-gzJiTA3f74cgARptqzYswmoQx0fIA+gGYBfokYVhF8YSXjWTUA2SngRzZRku2HbGbjzB6LBYSbKGIaK8IW+s0A==
  dependencies:
    "@vue/reactivity" "3.2.45"
    "@vue/shared" "3.2.45"

"@vue/runtime-dom@3.2.45":
  version "3.2.45"
  resolved "https://registry.yarnpkg.com/@vue/runtime-dom/-/runtime-dom-3.2.45.tgz#1a2ef6ee2ad876206fbbe2a884554bba2d0faf59"
  integrity sha512-cy88YpfP5Ue2bDBbj75Cb4bIEZUMM/mAkDMfqDTpUYVgTf/kuQ2VQ8LebuZ8k6EudgH8pYhsGWHlY0lcxlvTwA==
  dependencies:
    "@vue/runtime-core" "3.2.45"
    "@vue/shared" "3.2.45"
    csstype "^2.6.8"

"@vue/server-renderer@3.2.45":
  version "3.2.45"
  resolved "https://registry.yarnpkg.com/@vue/server-renderer/-/server-renderer-3.2.45.tgz#ca9306a0c12b0530a1a250e44f4a0abac6b81f3f"
  integrity sha512-ebiMq7q24WBU1D6uhPK//2OTR1iRIyxjF5iVq/1a5I1SDMDyDu4Ts6fJaMnjrvD3MqnaiFkKQj+LKAgz5WIK3g==
  dependencies:
    "@vue/compiler-ssr" "3.2.45"
    "@vue/shared" "3.2.45"

"@vue/shared@3.2.45":
  version "3.2.45"
  resolved "https://registry.yarnpkg.com/@vue/shared/-/shared-3.2.45.tgz#a3fffa7489eafff38d984e23d0236e230c818bc2"
  integrity sha512-Ewzq5Yhimg7pSztDV+RH1UDKBzmtqieXQlpTVm2AwraoRL/Rks96mvd8Vgi7Lj+h+TH8dv7mXD3FRZR3TUvbSg==

ansi-styles@^4.1.0:
  version "4.3.0"
  resolved "https://registry.yarnpkg.com/ansi-styles/-/ansi-styles-4.3.0.tgz#edd803628ae71c04c85ae7a0906edad34b648937"
  integrity sha512-zbB9rCJAT1rbjiVDb2hqKFHNYLxgtk8NURxZ3IZwD3F6NtxbXZQCnnSi1Lkx+IDohdPlFp222wVALIheZJQSEg==
  dependencies:
    color-convert "^2.0.1"

autoprefixer@^10.4.13:
  version "10.4.13"
  resolved "https://registry.yarnpkg.com/autoprefixer/-/autoprefixer-10.4.13.tgz#b5136b59930209a321e9fa3dca2e7c4d223e83a8"
  integrity sha512-49vKpMqcZYsJjwotvt4+h/BCjJVnhGwcLpDt5xkcaOG3eLrG/HUYLagrihYsQ+qrIBgIzX1Rw7a6L8I/ZA1Atg==
  dependencies:
    browserslist "^4.21.4"
    caniuse-lite "^1.0.30001426"
    fraction.js "^4.2.0"
    normalize-range "^0.1.2"
    picocolors "^1.0.0"
    postcss-value-parser "^4.2.0"

bluebird@^3.7.2:
  version "3.7.2"
  resolved "https://registry.yarnpkg.com/bluebird/-/bluebird-3.7.2.tgz#9f229c15be272454ffa973ace0dbee79a1b0c36f"
  integrity sha512-XpNj6GDQzdfW+r2Wnn7xiSAd7TM3jzkxGXBGTtWKuSXv1xUV+azxAm8jdWZN06QTQk+2N2XB9jRDkvbmQmcRtg==

browserslist@^4.21.4:
  version "4.21.4"
  resolved "https://registry.yarnpkg.com/browserslist/-/browserslist-4.21.4.tgz#e7496bbc67b9e39dd0f98565feccdcb0d4ff6987"
  integrity sha512-CBHJJdDmgjl3daYjN5Cp5kbTf1mUhZoS+beLklHIvkOWscs83YAhLlF3Wsh/lciQYAcbBJgTOD44VtG31ZM4Hw==
  dependencies:
    caniuse-lite "^1.0.30001400"
    electron-to-chromium "^1.4.251"
    node-releases "^2.0.6"
    update-browserslist-db "^1.0.9"

caniuse-lite@^1.0.30001400, caniuse-lite@^1.0.30001426:
  version "1.0.30001434"
  resolved "https://registry.yarnpkg.com/caniuse-lite/-/caniuse-lite-1.0.30001434.tgz#ec1ec1cfb0a93a34a0600d37903853030520a4e5"
  integrity sha512-aOBHrLmTQw//WFa2rcF1If9fa3ypkC1wzqqiKHgfdrXTWcU8C4gKVZT77eQAPWN1APys3+uQ0Df07rKauXGEYA==

chalk@^4.1.0:
  version "4.1.2"
  resolved "https://registry.yarnpkg.com/chalk/-/chalk-4.1.2.tgz#aac4e2b7734a740867aeb16bf02aad556a1e7a01"
  integrity sha512-oKnbhFyRIXpUuez8iBMmyEa4nbj4IOQyuhc/wy9kY7/WVPcwIO9VA668Pu8RkO7+0G76SLROeyw9CpQ061i4mA==
  dependencies:
    ansi-styles "^4.1.0"
    supports-color "^7.1.0"

chrome-trace-event@^1.0.2:
  version "1.0.3"
  resolved "https://registry.yarnpkg.com/chrome-trace-event/-/chrome-trace-event-1.0.3.tgz#1015eced4741e15d06664a957dbbf50d041e26ac"
  integrity sha512-p3KULyQg4S7NIHixdwbGX+nFHkoBiA4YQmyWtjb8XngSKV124nJmRysgAeujbUVb15vh+RvFUfCPqU7rXk+hZg==

color-convert@^2.0.1:
  version "2.0.1"
  resolved "https://registry.yarnpkg.com/color-convert/-/color-convert-2.0.1.tgz#72d3a68d598c9bdb3af2ad1e84f21d896abd4de3"
  integrity sha512-RRECPsj7iu/xb5oKYcsFHSppFNnsj/52OVTRKb4zP5onXwVF3zVmmToNcOfGC+CRDpfK/U584fMg38ZHCaElKQ==
  dependencies:
    color-name "~1.1.4"

color-name@~1.1.4:
  version "1.1.4"
  resolved "https://registry.yarnpkg.com/color-name/-/color-name-1.1.4.tgz#c2a09a87acbde69543de6f63fa3995c826c536a2"
  integrity sha512-dOy+3AuW3a2wNbZHIuMZpTcgjGuLU/uBL/ubcZF9OXbDo8ff4O8yVp5Bf0efS8uEoYo5q4Fx7dY9OgQGXgAsQA==

consolidate@^0.16.0:
  version "0.16.0"
  resolved "https://registry.yarnpkg.com/consolidate/-/consolidate-0.16.0.tgz#a11864768930f2f19431660a65906668f5fbdc16"
  integrity sha512-Nhl1wzCslqXYTJVDyJCu3ODohy9OfBMB5uD2BiBTzd7w+QY0lBzafkR8y8755yMYHAaMD4NuzbAw03/xzfw+eQ==
  dependencies:
    bluebird "^3.7.2"

core-js@^2.6.5:
  version "2.6.12"
  resolved "https://registry.yarnpkg.com/core-js/-/core-js-2.6.12.tgz#d9333dfa7b065e347cc5682219d6f690859cc2ec"
  integrity sha512-Kb2wC0fvsWfQrgk8HU5lW6U/Lcs8+9aaYcy4ZFc6DDlo4nZ7n70dEgE5rtR0oG6ufKDUnrwfWL1mXR5ljDatrQ==

csstype@^2.6.8:
  version "2.6.21"
  resolved "https://registry.yarnpkg.com/csstype/-/csstype-2.6.21.tgz#2efb85b7cc55c80017c66a5ad7cbd931fda3a90e"
  integrity sha512-Z1PhmomIfypOpoMjRQB70jfvy/wxT50qW08YXO5lMIJkrdq4yOTR+AW7FqutScmB9NkLwxo+jU+kZLbofZZq/w==

de-indent@^1.0.2:
  version "1.0.2"
  resolved "https://registry.yarnpkg.com/de-indent/-/de-indent-1.0.2.tgz#b2038e846dc33baa5796128d0804b455b8c1e21d"
  integrity sha512-e/1zu3xH5MQryN2zdVaF0OrdNLUbvWxzMbi+iNA6Bky7l1RoP8a2fIbRocyHclXt/arDrrR6lL3TqFD9pMQTsg==

detect-libc@^1.0.3:
  version "1.0.3"
  resolved "https://registry.yarnpkg.com/detect-libc/-/detect-libc-1.0.3.tgz#fa137c4bd698edf55cd5cd02ac559f91a4c4ba9b"
  integrity sha512-pGjwhsmsp4kL2RTz08wcOlGN83otlqHeD/Z5T8GXZB+/YcpQ/dgo+lbU8ZsGxV0HIvqqxo9l7mqYwyYMD9bKDg==

electron-to-chromium@^1.4.251:
  version "1.4.284"
  resolved "https://registry.yarnpkg.com/electron-to-chromium/-/electron-to-chromium-1.4.284.tgz#61046d1e4cab3a25238f6bf7413795270f125592"
  integrity sha512-M8WEXFuKXMYMVr45fo8mq0wUrrJHheiKZf6BArTKk9ZBYCKJEOU5H8cdWgDT+qCVZf7Na4lVUaZsA+h6uA9+PA==

esbuild-android-64@0.15.15:
  version "0.15.15"
  resolved "https://registry.yarnpkg.com/esbuild-android-64/-/esbuild-android-64-0.15.15.tgz#fd959b034dd761d14e13dda6214b6948841ff4ff"
  integrity sha512-F+WjjQxO+JQOva3tJWNdVjouFMLK6R6i5gjDvgUthLYJnIZJsp1HlF523k73hELY20WPyEO8xcz7aaYBVkeg5Q==

esbuild-android-arm64@0.15.15:
  version "0.15.15"
  resolved "https://registry.yarnpkg.com/esbuild-android-arm64/-/esbuild-android-arm64-0.15.15.tgz#9733b71cf0229b4356f106a455b2cfdf7884aa59"
  integrity sha512-attlyhD6Y22jNyQ0fIIQ7mnPvDWKw7k6FKnsXlBvQE6s3z6s6cuEHcSgoirquQc7TmZgVCK5fD/2uxmRN+ZpcQ==

esbuild-darwin-64@0.15.15:
  version "0.15.15"
  resolved "https://registry.yarnpkg.com/esbuild-darwin-64/-/esbuild-darwin-64-0.15.15.tgz#fc3482fdf5e798dbc0b8b2fe13287d257a45efc6"
  integrity sha512-ohZtF8W1SHJ4JWldsPVdk8st0r9ExbAOSrBOh5L+Mq47i696GVwv1ab/KlmbUoikSTNoXEhDzVpxUR/WIO19FQ==

esbuild-darwin-arm64@0.15.15:
  version "0.15.15"
  resolved "https://registry.yarnpkg.com/esbuild-darwin-arm64/-/esbuild-darwin-arm64-0.15.15.tgz#e922ec387c00fa84d664e14b5722fe13613f4adc"
  integrity sha512-P8jOZ5zshCNIuGn+9KehKs/cq5uIniC+BeCykvdVhx/rBXSxmtj3CUIKZz4sDCuESMbitK54drf/2QX9QHG5Ag==

esbuild-freebsd-64@0.15.15:
  version "0.15.15"
  resolved "https://registry.yarnpkg.com/esbuild-freebsd-64/-/esbuild-freebsd-64-0.15.15.tgz#69a42d79137d7d3ea718414c432bc10e8bb97c68"
  integrity sha512-KkTg+AmDXz1IvA9S1gt8dE24C8Thx0X5oM0KGF322DuP+P3evwTL9YyusHAWNsh4qLsR80nvBr/EIYs29VSwuA==

esbuild-freebsd-arm64@0.15.15:
  version "0.15.15"
  resolved "https://registry.yarnpkg.com/esbuild-freebsd-arm64/-/esbuild-freebsd-arm64-0.15.15.tgz#63b6d0dd492f7394f8d07a0e2b931151eb9d60c4"
  integrity sha512-FUcML0DRsuyqCMfAC+HoeAqvWxMeq0qXvclZZ/lt2kLU6XBnDA5uKTLUd379WYEyVD4KKFctqWd9tTuk8C/96g==

esbuild-linux-32@0.15.15:
  version "0.15.15"
  resolved "https://registry.yarnpkg.com/esbuild-linux-32/-/esbuild-linux-32-0.15.15.tgz#7f295795fd7e61ea57d1135f717424a6771a7472"
  integrity sha512-q28Qn5pZgHNqug02aTkzw5sW9OklSo96b5nm17Mq0pDXrdTBcQ+M6Q9A1B+dalFeynunwh/pvfrNucjzwDXj+Q==

esbuild-linux-64@0.15.15:
  version "0.15.15"
  resolved "https://registry.yarnpkg.com/esbuild-linux-64/-/esbuild-linux-64-0.15.15.tgz#11a430a86403b0411ca0a355b891f1cb8c4c4ec6"
  integrity sha512-217KPmWMirkf8liO+fj2qrPwbIbhNTGNVtvqI1TnOWJgcMjUWvd677Gq3fTzXEjilkx2yWypVnTswM2KbXgoAg==

esbuild-linux-arm64@0.15.15:
  version "0.15.15"
  resolved "https://registry.yarnpkg.com/esbuild-linux-arm64/-/esbuild-linux-arm64-0.15.15.tgz#b65f9a2c60e8e5b62f6cfd392cd0410f22e8c390"
  integrity sha512-/ltmNFs0FivZkYsTzAsXIfLQX38lFnwJTWCJts0IbCqWZQe+jjj0vYBNbI0kmXLb3y5NljiM5USVAO1NVkdh2g==

esbuild-linux-arm@0.15.15:
  version "0.15.15"
  resolved "https://registry.yarnpkg.com/esbuild-linux-arm/-/esbuild-linux-arm-0.15.15.tgz#c8e13e45a0a6f0cb145ce13ae26ce1d2551d9bcc"
  integrity sha512-RYVW9o2yN8yM7SB1yaWr378CwrjvGCyGybX3SdzPHpikUHkME2AP55Ma20uNwkNyY2eSYFX9D55kDrfQmQBR4w==

esbuild-linux-mips64le@0.15.15:
  version "0.15.15"
  resolved "https://registry.yarnpkg.com/esbuild-linux-mips64le/-/esbuild-linux-mips64le-0.15.15.tgz#d4c24d47e43966fcac748c90621be7edd53456c0"
  integrity sha512-PksEPb321/28GFFxtvL33yVPfnMZihxkEv5zME2zapXGp7fA1X2jYeiTUK+9tJ/EGgcNWuwvtawPxJG7Mmn86A==

esbuild-linux-ppc64le@0.15.15:
  version "0.15.15"
  resolved "https://registry.yarnpkg.com/esbuild-linux-ppc64le/-/esbuild-linux-ppc64le-0.15.15.tgz#2eba53fe2282438ceca5471bdb57ba2e00216ed6"
  integrity sha512-ek8gJBEIhcpGI327eAZigBOHl58QqrJrYYIZBWQCnH3UnXoeWMrMZLeeZL8BI2XMBhP+sQ6ERctD5X+ajL/AIA==

esbuild-linux-riscv64@0.15.15:
  version "0.15.15"
  resolved "https://registry.yarnpkg.com/esbuild-linux-riscv64/-/esbuild-linux-riscv64-0.15.15.tgz#1afa8dfe55a6c312f1904ee608b81417205f5027"
  integrity sha512-H5ilTZb33/GnUBrZMNJtBk7/OXzDHDXjIzoLXHSutwwsLxSNaLxzAaMoDGDd/keZoS+GDBqNVxdCkpuiRW4OSw==

esbuild-linux-s390x@0.15.15:
  version "0.15.15"
  resolved "https://registry.yarnpkg.com/esbuild-linux-s390x/-/esbuild-linux-s390x-0.15.15.tgz#1f7b3c4429c8ca99920ba6bf356ccc5b38fabd34"
  integrity sha512-jKaLUg78mua3rrtrkpv4Or2dNTJU7bgHN4bEjT4OX4GR7nLBSA9dfJezQouTxMmIW7opwEC5/iR9mpC18utnxQ==

esbuild-netbsd-64@0.15.15:
  version "0.15.15"
  resolved "https://registry.yarnpkg.com/esbuild-netbsd-64/-/esbuild-netbsd-64-0.15.15.tgz#d72c7155686c938c1aff126209b689c22823347c"
  integrity sha512-aOvmF/UkjFuW6F36HbIlImJTTx45KUCHJndtKo+KdP8Dhq3mgLRKW9+6Ircpm8bX/RcS3zZMMmaBLkvGY06Gvw==

esbuild-openbsd-64@0.15.15:
  version "0.15.15"
  resolved "https://registry.yarnpkg.com/esbuild-openbsd-64/-/esbuild-openbsd-64-0.15.15.tgz#761bd87ecab97386948eaf667a065cb0ecaa0f76"
  integrity sha512-HFFX+WYedx1w2yJ1VyR1Dfo8zyYGQZf1cA69bLdrHzu9svj6KH6ZLK0k3A1/LFPhcEY9idSOhsB2UyU0tHPxgQ==

esbuild-sunos-64@0.15.15:
  version "0.15.15"
  resolved "https://registry.yarnpkg.com/esbuild-sunos-64/-/esbuild-sunos-64-0.15.15.tgz#07e04cbf9747f281a967d09230a158a1be5b530c"
  integrity sha512-jOPBudffG4HN8yJXcK9rib/ZTFoTA5pvIKbRrt3IKAGMq1EpBi4xoVoSRrq/0d4OgZLaQbmkHp8RO9eZIn5atA==

esbuild-windows-32@0.15.15:
  version "0.15.15"
  resolved "https://registry.yarnpkg.com/esbuild-windows-32/-/esbuild-windows-32-0.15.15.tgz#130d1982cc41fb67461e9f8a65c6ebd13a1f35bb"
  integrity sha512-MDkJ3QkjnCetKF0fKxCyYNBnOq6dmidcwstBVeMtXSgGYTy8XSwBeIE4+HuKiSsG6I/mXEb++px3IGSmTN0XiA==

esbuild-windows-64@0.15.15:
  version "0.15.15"
  resolved "https://registry.yarnpkg.com/esbuild-windows-64/-/esbuild-windows-64-0.15.15.tgz#638bdf495c109c1882e8b0529cb8e2fea11383fb"
  integrity sha512-xaAUIB2qllE888SsMU3j9nrqyLbkqqkpQyWVkfwSil6BBPgcPk3zOFitTTncEKCLTQy3XV9RuH7PDj3aJDljWA==

esbuild-windows-arm64@0.15.15:
  version "0.15.15"
  resolved "https://registry.yarnpkg.com/esbuild-windows-arm64/-/esbuild-windows-arm64-0.15.15.tgz#5a277ce10de999d2a6465fc92a8c2a2d207ebd31"
  integrity sha512-ttuoCYCIJAFx4UUKKWYnFdrVpoXa3+3WWkXVI6s09U+YjhnyM5h96ewTq/WgQj9LFSIlABQvadHSOQyAVjW5xQ==

esbuild@^0.15.9:
  version "0.15.15"
  resolved "https://registry.yarnpkg.com/esbuild/-/esbuild-0.15.15.tgz#503b70bdc18d72d8fc2962ed3ab9219249e58bbe"
  integrity sha512-TEw/lwK4Zzld9x3FedV6jy8onOUHqcEX3ADFk4k+gzPUwrxn8nWV62tH0udo8jOtjFodlEfc4ypsqX3e+WWO6w==
  optionalDependencies:
    "@esbuild/android-arm" "0.15.15"
    "@esbuild/linux-loong64" "0.15.15"
    esbuild-android-64 "0.15.15"
    esbuild-android-arm64 "0.15.15"
    esbuild-darwin-64 "0.15.15"
    esbuild-darwin-arm64 "0.15.15"
    esbuild-freebsd-64 "0.15.15"
    esbuild-freebsd-arm64 "0.15.15"
    esbuild-linux-32 "0.15.15"
    esbuild-linux-64 "0.15.15"
    esbuild-linux-arm "0.15.15"
    esbuild-linux-arm64 "0.15.15"
    esbuild-linux-mips64le "0.15.15"
    esbuild-linux-ppc64le "0.15.15"
    esbuild-linux-riscv64 "0.15.15"
    esbuild-linux-s390x "0.15.15"
    esbuild-netbsd-64 "0.15.15"
    esbuild-openbsd-64 "0.15.15"
    esbuild-sunos-64 "0.15.15"
    esbuild-windows-32 "0.15.15"
    esbuild-windows-64 "0.15.15"
    esbuild-windows-arm64 "0.15.15"

escalade@^3.1.1:
  version "3.1.1"
  resolved "https://registry.yarnpkg.com/escalade/-/escalade-3.1.1.tgz#d8cfdc7000965c5a0174b4a82eaa5c0552742e40"
  integrity sha512-k0er2gUkLf8O0zKJiAhmkTnJlTvINGv7ygDNPbeIsX/TJjGJZHuh9B2UxbsaEkmlEo9MfhrSzmhIlhRlI2GXnw==

estree-walker@^2.0.2:
  version "2.0.2"
  resolved "https://registry.yarnpkg.com/estree-walker/-/estree-walker-2.0.2.tgz#52f010178c2a4c117a7757cfe942adb7d2da4cac"
  integrity sha512-Rfkk/Mp/DL7JVje3u18FxFujQlTNR2q6QfMSMB7AvCBx91NGj/ba3kCfza0f6dVDbw7YlRf/nDrn7pQrCCyQ/w==

fraction.js@^4.2.0:
  version "4.2.0"
  resolved "https://registry.yarnpkg.com/fraction.js/-/fraction.js-4.2.0.tgz#448e5109a313a3527f5a3ab2119ec4cf0e0e2950"
  integrity sha512-MhLuK+2gUcnZe8ZHlaaINnQLl0xRIGRfcGk2yl8xoQAfHrSsL3rYu6FCmBdkdbhc9EPlwyGHewaRsvwRMJtAlA==

fsevents@~2.3.2:
  version "2.3.2"
  resolved "https://registry.yarnpkg.com/fsevents/-/fsevents-2.3.2.tgz#8a526f78b8fdf4623b709e0b975c52c24c02fd1a"
  integrity sha512-xiqMQR4xAeHTuB9uWm+fFRcIOgKBMiOBP+eXiyT7jsgVCq1bkVygt00oASowB7EdtpOHaaPgKt812P9ab+DDKA==

function-bind@^1.1.1:
  version "1.1.1"
  resolved "https://registry.yarnpkg.com/function-bind/-/function-bind-1.1.1.tgz#a56899d3ea3c9bab874bb9773b7c5ede92f4895d"
  integrity sha512-yIovAzMX49sF8Yl58fSCWJ5svSLuaibPxXQJFLmBObTuCr0Mf1KiPopGM9NiFjiYBCbfaa2Fh6breQ6ANVTI0A==

has-flag@^4.0.0:
  version "4.0.0"
  resolved "https://registry.yarnpkg.com/has-flag/-/has-flag-4.0.0.tgz#944771fd9c81c81265c4d6941860da06bb59479b"
  integrity sha512-EykJT/Q1KjTWctppgIAgfSO0tKVuZUjhgMr17kqTumMl6Afv3EISleU7qZUzoXDFTAHTDC4NOoG/ZxU3EvlMPQ==

has@^1.0.3:
  version "1.0.3"
  resolved "https://registry.yarnpkg.com/has/-/has-1.0.3.tgz#722d7cbfc1f6aa8241f16dd814e011e1f41e8796"
  integrity sha512-f2dvO0VU6Oej7RkWJGrehjbzMAjFp5/VKPp5tTpWIV4JHHZK1/BxbFRtf/siA2SWTe09caDmVtYYzWEIbBS4zw==
  dependencies:
    function-bind "^1.1.1"

he@^1.2.0:
  version "1.2.0"
  resolved "https://registry.yarnpkg.com/he/-/he-1.2.0.tgz#84ae65fa7eafb165fddb61566ae14baf05664f0f"
  integrity sha512-F/1DnUGPopORZi0ni+CvrCgHQ5FyEAHRLSApuYWMmrbSwoN2Mn/7k+Gl38gJnR7yyDZk6WLXwiGod1JOWNDKGw==

is-core-module@^2.9.0:
  version "2.11.0"
  resolved "https://registry.yarnpkg.com/is-core-module/-/is-core-module-2.11.0.tgz#ad4cb3e3863e814523c96f3f58d26cc570ff0144"
  integrity sha512-RRjxlvLDkD1YJwDbroBHMb+cukurkDWNyHx7D3oNB5x9rb5ogcksMC5wHCadcXoo67gVr/+3GFySh3134zi6rw==
  dependencies:
    has "^1.0.3"

json5@^2.2.1:
  version "2.2.1"
  resolved "https://registry.yarnpkg.com/json5/-/json5-2.2.1.tgz#655d50ed1e6f95ad1a3caababd2b0efda10b395c"
  integrity sha512-1hqLFMSrGHRHxav9q9gNjJ5EXznIxGVO09xQRrwplcS8qs28pZ8s8hupZAmqDwZUmVZ2Qb2jnyPOWcDH8m8dlA==

lmdb@2.5.2:
  version "2.5.2"
  resolved "https://registry.yarnpkg.com/lmdb/-/lmdb-2.5.2.tgz#37e28a9fb43405f4dc48c44cec0e13a14c4a6ff1"
  integrity sha512-V5V5Xa2Hp9i2XsbDALkBTeHXnBXh/lEmk9p22zdr7jtuOIY9TGhjK6vAvTpOOx9IKU4hJkRWZxn/HsvR1ELLtA==
  dependencies:
    msgpackr "^1.5.4"
    node-addon-api "^4.3.0"
    node-gyp-build-optional-packages "5.0.3"
    ordered-binary "^1.2.4"
    weak-lru-cache "^1.2.2"
  optionalDependencies:
    "@lmdb/lmdb-darwin-arm64" "2.5.2"
    "@lmdb/lmdb-darwin-x64" "2.5.2"
    "@lmdb/lmdb-linux-arm" "2.5.2"
    "@lmdb/lmdb-linux-arm64" "2.5.2"
    "@lmdb/lmdb-linux-x64" "2.5.2"
    "@lmdb/lmdb-win32-x64" "2.5.2"

magic-string@^0.25.7:
  version "0.25.9"
  resolved "https://registry.yarnpkg.com/magic-string/-/magic-string-0.25.9.tgz#de7f9faf91ef8a1c91d02c2e5314c8277dbcdd1c"
  integrity sha512-RmF0AsMzgt25qzqqLc1+MbHmhdx0ojF2Fvs4XnOqz2ZOBXzzkEwc/dJQZCYHAn7v1jbVOjAZfK8msRn4BxO4VQ==
  dependencies:
    sourcemap-codec "^1.4.8"

moment@^2.29.3:
  version "2.29.4"
  resolved "https://registry.yarnpkg.com/moment/-/moment-2.29.4.tgz#3dbe052889fe7c1b2ed966fcb3a77328964ef108"
  integrity sha512-5LC9SOxjSc2HF6vO2CyuTDNivEdoz2IvyJJGj6X8DJ0eFyfszE0QiEd+iXmBvUP3WHxSjFH/vIsA0EN00cgr8w==

msgpackr-extract@^2.2.0:
  version "2.2.0"
  resolved "https://registry.yarnpkg.com/msgpackr-extract/-/msgpackr-extract-2.2.0.tgz#4bb749b58d9764cfdc0d91c7977a007b08e8f262"
  integrity sha512-0YcvWSv7ZOGl9Od6Y5iJ3XnPww8O7WLcpYMDwX+PAA/uXLDtyw94PJv9GLQV/nnp3cWlDhMoyKZIQLrx33sWog==
  dependencies:
    node-gyp-build-optional-packages "5.0.3"
  optionalDependencies:
    "@msgpackr-extract/msgpackr-extract-darwin-arm64" "2.2.0"
    "@msgpackr-extract/msgpackr-extract-darwin-x64" "2.2.0"
    "@msgpackr-extract/msgpackr-extract-linux-arm" "2.2.0"
    "@msgpackr-extract/msgpackr-extract-linux-arm64" "2.2.0"
    "@msgpackr-extract/msgpackr-extract-linux-x64" "2.2.0"
    "@msgpackr-extract/msgpackr-extract-win32-x64" "2.2.0"

msgpackr@^1.5.4:
  version "1.8.0"
  resolved "https://registry.yarnpkg.com/msgpackr/-/msgpackr-1.8.0.tgz#6cf213e88f04c5a358c61085a42a4dbe5542de44"
  integrity sha512-1Cos3r86XACdjLVY4CN8r72Cgs5lUzxSON6yb81sNZP9vC9nnBrEbu1/ldBhuR9BKejtoYV5C9UhmYUvZFJSNQ==
  optionalDependencies:
    msgpackr-extract "^2.2.0"

nanoid@^3.3.4:
  version "3.3.4"
  resolved "https://registry.yarnpkg.com/nanoid/-/nanoid-3.3.4.tgz#730b67e3cd09e2deacf03c027c81c9d9dbc5e8ab"
  integrity sha512-MqBkQh/OHTS2egovRtLk45wEyNXwF+cokD+1YPf9u5VfJiRdAiRwB2froX5Co9Rh20xs4siNPm8naNotSD6RBw==

node-addon-api@^3.2.1:
  version "3.2.1"
  resolved "https://registry.yarnpkg.com/node-addon-api/-/node-addon-api-3.2.1.tgz#81325e0a2117789c0128dab65e7e38f07ceba161"
  integrity sha512-mmcei9JghVNDYydghQmeDX8KoAm0FAiYyIcUt/N4nhyAipB17pllZQDOJD2fotxABnt4Mdz+dKTO7eftLg4d0A==

node-addon-api@^4.3.0:
  version "4.3.0"
  resolved "https://registry.yarnpkg.com/node-addon-api/-/node-addon-api-4.3.0.tgz#52a1a0b475193e0928e98e0426a0d1254782b77f"
  integrity sha512-73sE9+3UaLYYFmDsFZnqCInzPyh3MqIwZO9cw58yIqAZhONrrabrYyYe3TuIqtIiOuTXVhsGau8hcrhhwSsDIQ==

node-gyp-build-optional-packages@5.0.3:
  version "5.0.3"
  resolved "https://registry.yarnpkg.com/node-gyp-build-optional-packages/-/node-gyp-build-optional-packages-5.0.3.tgz#92a89d400352c44ad3975010368072b41ad66c17"
  integrity sha512-k75jcVzk5wnnc/FMxsf4udAoTEUv2jY3ycfdSd3yWu6Cnd1oee6/CfZJApyscA4FJOmdoixWwiwOyf16RzD5JA==

node-gyp-build@^4.3.0:
  version "4.5.0"
  resolved "https://registry.yarnpkg.com/node-gyp-build/-/node-gyp-build-4.5.0.tgz#7a64eefa0b21112f89f58379da128ac177f20e40"
  integrity sha512-2iGbaQBV+ITgCz76ZEjmhUKAKVf7xfY1sRl4UiKQspfZMH2h06SyhNsnSVy50cwkFQDGLyif6m/6uFXHkOZ6rg==

node-releases@^2.0.6:
  version "2.0.6"
  resolved "https://registry.yarnpkg.com/node-releases/-/node-releases-2.0.6.tgz#8a7088c63a55e493845683ebf3c828d8c51c5503"
  integrity sha512-PiVXnNuFm5+iYkLBNeq5211hvO38y63T0i2KKh2KnUs3RpzJ+JtODFjkD8yjLwnDkTYF1eKXheUwdssR+NRZdg==

normalize-range@^0.1.2:
  version "0.1.2"
  resolved "https://registry.yarnpkg.com/normalize-range/-/normalize-range-0.1.2.tgz#2d10c06bdfd312ea9777695a4d28439456b75942"
  integrity sha512-bdok/XvKII3nUpklnV6P2hxtMNrCboOjAcyBuQnWEhO665FwrSNRxU+AqpsyvO6LgGYPspN+lu5CLtw4jPRKNA==

nullthrows@^1.1.1:
  version "1.1.1"
  resolved "https://registry.yarnpkg.com/nullthrows/-/nullthrows-1.1.1.tgz#7818258843856ae971eae4208ad7d7eb19a431b1"
  integrity sha512-2vPPEi+Z7WqML2jZYddDIfy5Dqb0r2fze2zTxNNknZaFpVHU3mFB3R+DWeJWGVx0ecvttSGlJTI+WG+8Z4cDWw==

ordered-binary@^1.2.4:
  version "1.4.0"
  resolved "https://registry.yarnpkg.com/ordered-binary/-/ordered-binary-1.4.0.tgz#6bb53d44925f3b8afc33d1eed0fa15693b211389"
  integrity sha512-EHQ/jk4/a9hLupIKxTfUsQRej1Yd/0QLQs3vGvIqg5ZtCYSzNhkzHoZc7Zf4e4kUlDaC3Uw8Q/1opOLNN2OKRQ==

path-parse@^1.0.7:
  version "1.0.7"
  resolved "https://registry.yarnpkg.com/path-parse/-/path-parse-1.0.7.tgz#fbc114b60ca42b30d9daf5858e4bd68bbedb6735"
  integrity sha512-LDJzPVEEEPR+y48z93A0Ed0yXb8pAByGWo/k5YYdYgpY2/2EsOsksJrq7lOHxryrVOn1ejG6oAp8ahvOIQD8sw==

picocolors@^1.0.0:
  version "1.0.0"
  resolved "https://registry.yarnpkg.com/picocolors/-/picocolors-1.0.0.tgz#cb5bdc74ff3f51892236eaf79d68bc44564ab81c"
  integrity sha512-1fygroTLlHu66zi26VoTDv8yRgm0Fccecssto+MhsZ0D/DGW2sm8E8AjW7NU5VVTRt5GxbeZ5qBuJr+HyLYkjQ==

postcss-value-parser@^4.2.0:
  version "4.2.0"
  resolved "https://registry.yarnpkg.com/postcss-value-parser/-/postcss-value-parser-4.2.0.tgz#723c09920836ba6d3e5af019f92bc0971c02e514"
  integrity sha512-1NNCs6uurfkVbeXG4S8JFT9t19m45ICnif8zWLd5oPSZ50QnwMfK+H3jv408d4jw/7Bttv5axS5IiHoLaVNHeQ==

postcss@^8.1.10, postcss@^8.4.18:
  version "8.4.19"
  resolved "https://registry.yarnpkg.com/postcss/-/postcss-8.4.19.tgz#61178e2add236b17351897c8bcc0b4c8ecab56fc"
  integrity sha512-h+pbPsyhlYj6N2ozBmHhHrs9DzGmbaarbLvWipMRO7RLS+v4onj26MPFXA5OBYFxyqYhUJK456SwDcY9H2/zsA==
  dependencies:
    nanoid "^3.3.4"
    picocolors "^1.0.0"
    source-map-js "^1.0.2"

resolve@^1.22.1:
  version "1.22.1"
  resolved "https://registry.yarnpkg.com/resolve/-/resolve-1.22.1.tgz#27cb2ebb53f91abb49470a928bba7558066ac177"
  integrity sha512-nBpuuYuY5jFsli/JIs1oldw6fOQCBioohqWZg/2hiaOybXOft4lonv85uDOKXdf8rhyK159cxU5cDcK/NKk8zw==
  dependencies:
    is-core-module "^2.9.0"
    path-parse "^1.0.7"
    supports-preserve-symlinks-flag "^1.0.0"

rollup@^2.79.1:
  version "2.79.1"
  resolved "https://registry.yarnpkg.com/rollup/-/rollup-2.79.1.tgz#bedee8faef7c9f93a2647ac0108748f497f081c7"
  integrity sha512-uKxbd0IhMZOhjAiD5oAFp7BqvkA4Dv47qpOCtaNvng4HBwdbWtdOh8f5nZNuk2rp51PMGk3bzfWu5oayNEuYnw==
  optionalDependencies:
    fsevents "~2.3.2"

semver@^5.7.1:
  version "5.7.1"
  resolved "https://registry.yarnpkg.com/semver/-/semver-5.7.1.tgz#a954f931aeba508d307bbf069eff0c01c96116f7"
  integrity sha512-sauaDf/PZdVgrLTNYHRtpXa1iRiKcaebiKQ1BJdpQlWH2lCvexQdX55snPFyK7QzpudqbCI0qXFfOasHdyNDGQ==

source-map-js@^1.0.2:
  version "1.0.2"
  resolved "https://registry.yarnpkg.com/source-map-js/-/source-map-js-1.0.2.tgz#adbc361d9c62df380125e7f161f71c826f1e490c"
  integrity sha512-R0XvVJ9WusLiqTCEiGCmICCMplcCkIwwR11mOSD9CR5u+IXYdiseeEuXCVAjS54zqwkLcPNnmU4OeJ6tUrWhDw==

source-map@^0.6.1:
  version "0.6.1"
  resolved "https://registry.yarnpkg.com/source-map/-/source-map-0.6.1.tgz#74722af32e9614e9c287a8d0bbde48b5e2f1a263"
  integrity sha512-UjgapumWlbMhkBgzT7Ykc5YXUT46F0iKu8SGXq0bcwP5dz/h0Plj6enJqjz1Zbq2l5WaqYnrVbwWOWMyF3F47g==

sourcemap-codec@^1.4.8:
  version "1.4.8"
  resolved "https://registry.yarnpkg.com/sourcemap-codec/-/sourcemap-codec-1.4.8.tgz#ea804bd94857402e6992d05a38ef1ae35a9ab4c4"
  integrity sha512-9NykojV5Uih4lgo5So5dtw+f0JgJX30KCNI8gwhz2J9A15wD0Ml6tjHKwf6fTSa6fAdVBdZeNOs9eJ71qCk8vA==

supports-color@^7.1.0:
  version "7.2.0"
  resolved "https://registry.yarnpkg.com/supports-color/-/supports-color-7.2.0.tgz#1b7dcdcb32b8138801b3e478ba6a51caa89648da"
  integrity sha512-qpCAvRl9stuOHveKsn7HncJRvv501qIacKzQlO/+Lwxc9+0q2wLyv4Dfvt80/DPn2pqOBsJdDiogXGR9+OvwRw==
  dependencies:
    has-flag "^4.0.0"

supports-preserve-symlinks-flag@^1.0.0:
  version "1.0.0"
  resolved "https://registry.yarnpkg.com/supports-preserve-symlinks-flag/-/supports-preserve-symlinks-flag-1.0.0.tgz#6eda4bd344a3c94aea376d4cc31bc77311039e09"
  integrity sha512-ot0WnXS9fgdkgIcePe6RHNk1WA8+muPa6cSjeR3V8K27q9BB1rTE3R1p7Hv0z1ZyAc8s6Vvv8DIyWf681MAt0w==

update-browserslist-db@^1.0.9:
  version "1.0.10"
  resolved "https://registry.yarnpkg.com/update-browserslist-db/-/update-browserslist-db-1.0.10.tgz#0f54b876545726f17d00cd9a2561e6dade943ff3"
  integrity sha512-OztqDenkfFkbSG+tRxBeAnCVPckDBcvibKd35yDONx6OU8N7sqgwc7rCbkJ/WcYtVRZ4ba68d6byhC21GFh7sQ==
  dependencies:
    escalade "^3.1.1"
    picocolors "^1.0.0"

utility-types@^3.10.0:
  version "3.10.0"
  resolved "https://registry.yarnpkg.com/utility-types/-/utility-types-3.10.0.tgz#ea4148f9a741015f05ed74fd615e1d20e6bed82b"
  integrity sha512-O11mqxmi7wMKCo6HKFt5AhO4BwY3VV68YU07tgxfz8zJTIxr4BpsezN49Ffwy9j3ZpwwJp4fkRwjRzq3uWE6Rg==

vite@^3.2.4:
  version "3.2.4"
  resolved "https://registry.yarnpkg.com/vite/-/vite-3.2.4.tgz#d8c7892dd4268064e04fffbe7d866207dd24166e"
  integrity sha512-Z2X6SRAffOUYTa+sLy3NQ7nlHFU100xwanq1WDwqaiFiCe+25zdxP1TfCS5ojPV2oDDcXudHIoPnI1Z/66B7Yw==
  dependencies:
    esbuild "^0.15.9"
    postcss "^8.4.18"
    resolve "^1.22.1"
    rollup "^2.79.1"
  optionalDependencies:
    fsevents "~2.3.2"

vue-router@^4.1.6:
  version "4.1.6"
  resolved "https://registry.yarnpkg.com/vue-router/-/vue-router-4.1.6.tgz#b70303737e12b4814578d21d68d21618469375a1"
  integrity sha512-DYWYwsG6xNPmLq/FmZn8Ip+qrhFEzA14EI12MsMgVxvHFDYvlr4NXpVF5hrRH1wVcDP8fGi5F4rxuJSl8/r+EQ==
  dependencies:
    "@vue/devtools-api" "^6.4.5"

vue-template-compiler@^2.7.14:
  version "2.7.14"
  resolved "https://registry.yarnpkg.com/vue-template-compiler/-/vue-template-compiler-2.7.14.tgz#4545b7dfb88090744c1577ae5ac3f964e61634b1"
  integrity sha512-zyA5Y3ArvVG0NacJDkkzJuPQDF8RFeRlzV2vLeSnhSpieO6LK2OVbdLPi5MPPs09Ii+gMO8nY4S3iKQxBxDmWQ==
  dependencies:
    de-indent "^1.0.2"
    he "^1.2.0"

vue@^3.2.45:
  version "3.2.45"
  resolved "https://registry.yarnpkg.com/vue/-/vue-3.2.45.tgz#94a116784447eb7dbd892167784619fef379b3c8"
  integrity sha512-9Nx/Mg2b2xWlXykmCwiTUCWHbWIj53bnkizBxKai1g61f2Xit700A1ljowpTIM11e3uipOeiPcSqnmBg6gyiaA==
  dependencies:
    "@vue/compiler-dom" "3.2.45"
    "@vue/compiler-sfc" "3.2.45"
    "@vue/runtime-dom" "3.2.45"
    "@vue/server-renderer" "3.2.45"
    "@vue/shared" "3.2.45"

vuetify@^3.0.1:
  version "3.0.2"
  resolved "https://registry.yarnpkg.com/vuetify/-/vuetify-3.0.2.tgz#734166f0800e47b9d4a7e714b943534d91b0579d"
  integrity sha512-d+lb8DHUrrn9GnKaZW1dEApjIEamUcZn1HxomiQ0+y8t+jKjktpruo16AvAjpEHhAcCeWZ5RuK/S9HdT6z68Uw==

vuex@^4.1.0:
  version "4.1.0"
  resolved "https://registry.yarnpkg.com/vuex/-/vuex-4.1.0.tgz#aa1b3ea5c7385812b074c86faeeec2217872e36c"
  integrity sha512-hmV6UerDrPcgbSy9ORAtNXDr9M4wlNP4pEFKye4ujJF8oqgFFuxDCdOLS3eNoRTtq5O3hoBDh9Doj1bQMYHRbQ==
  dependencies:
    "@vue/devtools-api" "^6.0.0-beta.11"

weak-lru-cache@^1.2.2:
  version "1.2.2"
  resolved "https://registry.yarnpkg.com/weak-lru-cache/-/weak-lru-cache-1.2.2.tgz#fdbb6741f36bae9540d12f480ce8254060dccd19"
  integrity sha512-DEAoo25RfSYMuTGc9vPJzZcZullwIqRDSI9LOy+fkCJPi6hykCnfKaXTuPBDuXAUcqHXyOgFtHNp/kB2FjYHbw==

xxhash-wasm@^0.4.2:
  version "0.4.2"
  resolved "https://registry.yarnpkg.com/xxhash-wasm/-/xxhash-wasm-0.4.2.tgz#752398c131a4dd407b5132ba62ad372029be6f79"
  integrity sha512-/eyHVRJQCirEkSZ1agRSCwriMhwlyUcFkXD5TPVSLP+IPzjsqMVzZwdoczLp1SoQU0R3dxz1RpIK+4YNQbCVOA==
